<?xml version="1.0" encoding="utf-8"?>
<Project ToolsVersion="17.0" xmlns="http://schemas.microsoft.com/developer/msbuild/2003">
  <ItemGroup>
    <ClCompile Include="E:\VulkanEngine\assetlib\mesh_asset.cpp">
      <Filter>Source Files</Filter>
    </ClCompile>
    <ClCompile Include="E:\VulkanEngine\assetlib\material_asset.cpp">
      <Filter>Source Files</Filter>
    </ClCompile>
    <ClCompile Include="E:\VulkanEngine\assetlib\texture_asset.cpp">
      <Filter>Source Files</Filter>
    </ClCompile>
    <ClCompile Include="E:\VulkanEngine\assetlib\prefab_asset.cpp">
      <Filter>Source Files</Filter>
    </ClCompile>
    <ClCompile Include="E:\VulkanEngine\assetlib\asset_loader.cpp">
      <Filter>Source Files</Filter>
    </ClCompile>
  </ItemGroup>
  <ItemGroup>
    <ClInclude Include="E:\VulkanEngine\assetlib\mesh_asset.h">
      <Filter>Header Files</Filter>
    </ClInclude>
    <ClInclude Include="E:\VulkanEngine\assetlib\material_asset.h">
      <Filter>Header Files</Filter>
    </ClInclude>
    <ClInclude Include="E:\VulkanEngine\assetlib\texture_asset.h">
      <Filter>Header Files</Filter>
    </ClInclude>
    <ClInclude Include="E:\VulkanEngine\assetlib\prefab_asset.h">
      <Filter>Header Files</Filter>
    </ClInclude>
    <ClInclude Include="E:\VulkanEngine\assetlib\asset_loader.h">
      <Filter>Header Files</Filter>
    </ClInclude>
  </ItemGroup>
  <ItemGroup>
    <CustomBuild Include="E:\VulkanEngine\assetlib\CMakeLists.txt" />
  </ItemGroup>
  <ItemGroup>
    <Filter Include="Header Files">
      <UniqueIdentifier>{23937213-E44E-34DD-BAD7-802C76889C95}</UniqueIdentifier>
    </Filter>
    <Filter Include="Source Files">
      <UniqueIdentifier>{391CD3AE-E244-3037-BA66-4A4723462268}</UniqueIdentifier>
    </Filter>
  </ItemGroup>
</Project>
